// !$*UTF8*$!
{
	archiveVersion = 1;
	classes = {
	};
	objectVersion = 46;
	objects = {

/* Begin PBXBuildFile section */
		35E5426E1D03666C00ADFEEB /* main.m in Sources */ = {isa = PBXBuildFile; fileRef = 35E5426D1D03666C00ADFEEB /* main.m */; };
		35E542711D03666C00ADFEEB /* AppDelegate.m in Sources */ = {isa = PBXBuildFile; fileRef = 35E542701D03666C00ADFEEB /* AppDelegate.m */; };
		35E542741D03666C00ADFEEB /* ViewController.m in Sources */ = {isa = PBXBuildFile; fileRef = 35E542731D03666C00ADFEEB /* ViewController.m */; };
		35E542771D03666C00ADFEEB /* Main.storyboard in Resources */ = {isa = PBXBuildFile; fileRef = 35E542751D03666C00ADFEEB /* Main.storyboard */; };
		35E542791D03666C00ADFEEB /* Assets.xcassets in Resources */ = {isa = PBXBuildFile; fileRef = 35E542781D03666C00ADFEEB /* Assets.xcassets */; };
		35E5427C1D03666C00ADFEEB /* LaunchScreen.storyboard in Resources */ = {isa = PBXBuildFile; fileRef = 35E5427A1D03666C00ADFEEB /* LaunchScreen.storyboard */; };
		35E542881D03692E00ADFEEB /* DieLabel.m in Sources */ = {isa = PBXBuildFile; fileRef = 35E542871D03692E00ADFEEB /* DieLabel.m */; };
/* End PBXBuildFile section */

/* Begin PBXFileReference section */
		35E542691D03666C00ADFEEB /* Farkle.app */ = {isa = PBXFileReference; explicitFileType = wrapper.application; includeInIndex = 0; path = Farkle.app; sourceTree = BUILT_PRODUCTS_DIR; };
		35E5426D1D03666C00ADFEEB /* main.m */ = {isa = PBXFileReference; lastKnownFileType = sourcecode.c.objc; path = main.m; sourceTree = "<group>"; };
		35E5426F1D03666C00ADFEEB /* AppDelegate.h */ = {isa = PBXFileReference; lastKnownFileType = sourcecode.c.h; path = AppDelegate.h; sourceTree = "<group>"; };
		35E542701D03666C00ADFEEB /* AppDelegate.m */ = {isa = PBXFileReference; lastKnownFileType = sourcecode.c.objc; path = AppDelegate.m; sourceTree = "<group>"; };
		35E542721D03666C00ADFEEB /* ViewController.h */ = {isa = PBXFileReference; lastKnownFileType = sourcecode.c.h; path = ViewController.h; sourceTree = "<group>"; };
		35E542731D03666C00ADFEEB /* ViewController.m */ = {isa = PBXFileReference; lastKnownFileType = sourcecode.c.objc; path = ViewController.m; sourceTree = "<group>"; };
		35E542761D03666C00ADFEEB /* Base */ = {isa = PBXFileReference; lastKnownFileType = file.storyboard; name = Base; path = Base.lproj/Main.storyboard; sourceTree = "<group>"; };
		35E542781D03666C00ADFEEB /* Assets.xcassets */ = {isa = PBXFileReference; lastKnownFileType = folder.assetcatalog; path = Assets.xcassets; sourceTree = "<group>"; };
		35E5427B1D03666C00ADFEEB /* Base */ = {isa = PBXFileReference; lastKnownFileType = file.storyboard; name = Base; path = Base.lproj/LaunchScreen.storyboard; sourceTree = "<group>"; };
		35E5427D1D03666C00ADFEEB /* Info.plist */ = {isa = PBXFileReference; lastKnownFileType = text.plist.xml; path = Info.plist; sourceTree = "<group>"; };
		35E542861D03692E00ADFEEB /* DieLabel.h */ = {isa = PBXFileReference; fileEncoding = 4; lastKnownFileType = sourcecode.c.h; path = DieLabel.h; sourceTree = "<group>"; };
		35E542871D03692E00ADFEEB /* DieLabel.m */ = {isa = PBXFileReference; fileEncoding = 4; lastKnownFileType = sourcecode.c.objc; path = DieLabel.m; sourceTree = "<group>"; };
/* End PBXFileReference section */

/* Begin PBXFrameworksBuildPhase section */
		35E542661D03666C00ADFEEB /* Frameworks */ = {
			isa = PBXFrameworksBuildPhase;
			buildActionMask = 2147483647;
			files = (
			);
			runOnlyForDeploymentPostprocessing = 0;
		};
/* End PBXFrameworksBuildPhase section */

/* Begin PBXGroup section */
		35E542601D03666C00ADFEEB = {
			isa = PBXGroup;
			children = (
				35E5426B1D03666C00ADFEEB /* Farkle */,
				35E5426A1D03666C00ADFEEB /* Products */,
			);
			sourceTree = "<group>";
		};
		35E5426A1D03666C00ADFEEB /* Products */ = {
			isa = PBXGroup;
			children = (
				35E542691D03666C00ADFEEB /* Farkle.app */,
			);
			name = Products;
			sourceTree = "<group>";
		};
		35E5426B1D03666C00ADFEEB /* Farkle */ = {
			isa = PBXGroup;
			children = (
				35E5426F1D03666C00ADFEEB /* AppDelegate.h */,
				35E542701D03666C00ADFEEB /* AppDelegate.m */,
				35E542721D03666C00ADFEEB /* ViewController.h */,
				35E542731D03666C00ADFEEB /* ViewController.m */,
				35E542861D03692E00ADFEEB /* DieLabel.h */,
				35E542871D03692E00ADFEEB /* DieLabel.m */,
				35E542751D03666C00ADFEEB /* Main.storyboard */,
				35E542781D03666C00ADFEEB /* Assets.xcassets */,
				35E5427A1D03666C00ADFEEB /* LaunchScreen.storyboard */,
				35E5427D1D03666C00ADFEEB /* Info.plist */,
				35E5426C1D03666C00ADFEEB /* Supporting Files */,
			);
			path = Farkle;
			sourceTree = "<group>";
		};
		35E5426C1D03666C00ADFEEB /* Supporting Files */ = {
			isa = PBXGroup;
			children = (
				35E5426D1D03666C00ADFEEB /* main.m */,
			);
			name = "Supporting Files";
			sourceTree = "<group>";
		};
/* End PBXGroup section */

/* Begin PBXNativeTarget section */
		35E542681D03666C00ADFEEB /* Farkle */ = {
			isa = PBXNativeTarget;
			buildConfigurationList = 35E542801D03666C00ADFEEB /* Build configuration list for PBXNativeTarget "Farkle" */;
			buildPhases = (
				35E542651D03666C00ADFEEB /* Sources */,
				35E542661D03666C00ADFEEB /* Frameworks */,
				35E542671D03666C00ADFEEB /* Resources */,
			);
			buildRules = (
			);
			dependencies = (
			);
			name = Farkle;
			productName = Farkle;
			productReference = 35E542691D03666C00ADFEEB /* Farkle.app */;
			productType = "com.apple.product-type.application";
		};
/* End PBXNativeTarget section */

/* Begin PBXProject section */
		35E542611D03666C00ADFEEB /* Project object */ = {
			isa = PBXProject;
			attributes = {
				LastUpgradeCheck = 0730;
				ORGANIZATIONNAME = "Pelican Inc";
				TargetAttributes = {
					35E542681D03666C00ADFEEB = {
						CreatedOnToolsVersion = 7.3;
						DevelopmentTeam = Z65JLH99GY;
					};
				};
			};
			buildConfigurationList = 35E542641D03666C00ADFEEB /* Build configuration list for PBXProject "Farkle" */;
			compatibilityVersion = "Xcode 3.2";
			developmentRegion = English;
			hasScannedForEncodings = 0;
			knownRegions = (
				en,
				Base,
			);
			mainGroup = 35E542601D03666C00ADFEEB;
			productRefGroup = 35E5426A1D03666C00ADFEEB /* Products */;
			projectDirPath = "";
			projectRoot = "";
			targets = (
				35E542681D03666C00ADFEEB /* Farkle */,
			);
		};
/* End PBXProject section */

/* Begin PBXResourcesBuildPhase section */
		35E542671D03666C00ADFEEB /* Resources */ = {
			isa = PBXResourcesBuildPhase;
			buildActionMask = 2147483647;
			files = (
				35E5427C1D03666C00ADFEEB /* LaunchScreen.storyboard in Resources */,
				35E542791D03666C00ADFEEB /* Assets.xcassets in Resources */,
				35E542771D03666C00ADFEEB /* Main.storyboard in Resources */,
			);
			runOnlyForDeploymentPostprocessing = 0;
		};
/* End PBXResourcesBuildPhase section */

/* Begin PBXSourcesBuildPhase section */
		35E542651D03666C00ADFEEB /* Sources */ = {
			isa = PBXSourcesBuildPhase;
			buildActionMask = 2147483647;
			files = (
				35E542741D03666C00ADFEEB /* ViewController.m in Sources */,
				35E542711D03666C00ADFEEB /* AppDelegate.m in Sources */,
				35E5426E1D03666C00ADFEEB /* main.m in Sources */,
				35E542881D03692E00ADFEEB /* DieLabel.m in Sources */,
			);
			runOnlyForDeploymentPostprocessing = 0;
		};
/* End PBXSourcesBuildPhase section */

/* Begin PBXVariantGroup section */
		35E542751D03666C00ADFEEB /* Main.storyboard */ = {
			isa = PBXVariantGroup;
			children = (
				35E542761D03666C00ADFEEB /* Base */,
			);
			name = Main.storyboard;
			sourceTree = "<group>";
		};
		35E5427A1D03666C00ADFEEB /* LaunchScreen.storyboard */ = {
			isa = PBXVariantGroup;
			children = (
				35E5427B1D03666C00ADFEEB /* Base */,
			);
			name = LaunchScreen.storyboard;
			sourceTree = "<group>";
		};
/* End PBXVariantGroup section */

/* Begin XCBuildConfiguration section */
		35E5427E1D03666C00ADFEEB /* Debug */ = {
			isa = XCBuildConfiguration;
			buildSettings = {
				ALWAYS_SEARCH_USER_PATHS = NO;
				CLANG_ANALYZER_NONNULL = YES;
				CLANG_CXX_LANGUAGE_STANDARD = "gnu++0x";
				CLANG_CXX_LIBRARY = "libc++";
				CLANG_ENABLE_MODULES = YES;
				CLANG_ENABLE_OBJC_ARC = YES;
				CLANG_WARN_BOOL_CONVERSION = YES;
				CLANG_WARN_CONSTANT_CONVERSION = YES;
				CLANG_WARN_DIRECT_OBJC_ISA_USAGE = YES_ERROR;
				CLANG_WARN_EMPTY_BODY = YES;
				CLANG_WARN_ENUM_CONVERSION = YES;
				CLANG_WARN_INT_CONVERSION = YES;
				CLANG_WARN_OBJC_ROOT_CLASS = YES_ERROR;
				CLANG_WARN_UNREACHABLE_CODE = YES;
				CLANG_WARN__DUPLICATE_METHOD_MATCH = YES;
				"CODE_SIGN_IDENTITY[sdk=iphoneos*]" = "iPhone Developer";
				COPY_PHASE_STRIP = NO;
				DEBUG_INFORMATION_FORMAT = dwarf;
				ENABLE_STRICT_OBJC_MSGSEND = YES;
				ENABLE_TESTABILITY = YES;
				GCC_C_LANGUAGE_STANDARD = gnu99;
				GCC_DYNAMIC_NO_PIC = NO;
				GCC_NO_COMMON_BLOCKS = YES;
				GCC_OPTIMIZATION_LEVEL = 0;
				GCC_PREPROCESSOR_DEFINITIONS = (
					"DEBUG=1",
					"$(inherited)",
				);
				GCC_WARN_64_TO_32_BIT_CONVERSION = YES;
				GCC_WARN_ABOUT_RETURN_TYPE = YES_ERROR;
				GCC_WARN_UNDECLARED_SELECTOR = YES;
				GCC_WARN_UNINITIALIZED_AUTOS = YES_AGGRESSIVE;
				GCC_WARN_UNUSED_FUNCTION = YES;
				GCC_WARN_UNUSED_VARIABLE = YES;
				IPHONEOS_DEPLOYMENT_TARGET = 9.3;
				MTL_ENABLE_DEBUG_INFO = YES;
				ONLY_ACTIVE_ARCH = YES;
				SDKROOT = iphoneos;
			};
			name = Debug;
		};
		35E5427F1D03666C00ADFEEB /* Release */ = {
			isa = XCBuildConfiguration;
			buildSettings = {
				ALWAYS_SEARCH_USER_PATHS = NO;
				CLANG_ANALYZER_NONNULL = YES;
				CLANG_CXX_LANGUAGE_STANDARD = "gnu++0x";
				CLANG_CXX_LIBRARY = "libc++";
				CLANG_ENABLE_MODULES = YES;
				CLANG_ENABLE_OBJC_ARC = YES;
				CLANG_WARN_BOOL_CONVERSION = YES;
				CLANG_WARN_CONSTANT_CONVERSION = YES;
				CLANG_WARN_DIRECT_OBJC_ISA_USAGE = YES_ERROR;
				CLANG_WARN_EMPTY_BODY = YES;
				CLANG_WARN_ENUM_CONVERSION = YES;
				CLANG_WARN_INT_CONVERSION = YES;
				CLANG_WARN_OBJC_ROOT_CLASS = YES_ERROR;
				CLANG_WARN_UNREACHABLE_CODE = YES;
				CLANG_WARN__DUPLICATE_METHOD_MATCH = YES;
				"CODE_SIGN_IDENTITY[sdk=iphoneos*]" = "iPhone Developer";
				COPY_PHASE_STRIP = NO;
				DEBUG_INFORMATION_FORMAT = "dwarf-with-dsym";
				ENABLE_NS_ASSERTIONS = NO;
				ENABLE_STRICT_OBJC_MSGSEND = YES;
				GCC_C_LANGUAGE_STANDARD = gnu99;
				GCC_NO_COMMON_BLOCKS = YES;
				GCC_WARN_64_TO_32_BIT_CONVERSION = YES;
				GCC_WARN_ABOUT_RETURN_TYPE = YES_ERROR;
				GCC_WARN_UNDECLARED_SELECTOR = YES;
				GCC_WARN_UNINITIALIZED_AUTOS = YES_AGGRESSIVE;
				GCC_WARN_UNUSED_FUNCTION = YES;
				GCC_WARN_UNUSED_VARIABLE = YES;
				IPHONEOS_DEPLOYMENT_TARGET = 9.3;
				MTL_ENABLE_DEBUG_INFO = NO;
				SDKROOT = iphoneos;
				VALIDATE_PRODUCT = YES;
			};
			name = Release;
		};
		35E542811D03666C00ADFEEB /* Debug */ = {
			isa = XCBuildConfiguration;
			buildSettings = {
				ASSETCATALOG_COMPILER_APPICON_NAME = AppIcon;
				INFOPLIST_FILE = Farkle/Info.plist;
				LD_RUNPATH_SEARCH_PATHS = "$(inherited) @executable_path/Frameworks";
				PRODUCT_BUNDLE_IDENTIFIER = com.pelican.Farkle;
				PRODUCT_NAME = "$(TARGET_NAME)";
			};
			name = Debug;
		};
		35E542821D03666C00ADFEEB /* Release */ = {
			isa = XCBuildConfiguration;
			buildSettings = {
				ASSETCATALOG_COMPILER_APPICON_NAME = AppIcon;
				INFOPLIST_FILE = Farkle/Info.plist;
				LD_RUNPATH_SEARCH_PATHS = "$(inherited) @executable_path/Frameworks";
				PRODUCT_BUNDLE_IDENTIFIER = com.pelican.Farkle;
				PRODUCT_NAME = "$(TARGET_NAME)";
			};
			name = Release;
		};
/* End XCBuildConfiguration section */

/* Begin XCConfigurationList section */
		35E542641D03666C00ADFEEB /* Build configuration list for PBXProject "Farkle" */ = {
			isa = XCConfigurationList;
			buildConfigurations = (
				35E5427E1D03666C00ADFEEB /* Debug */,
				35E5427F1D03666C00ADFEEB /* Release */,
			);
			defaultConfigurationIsVisible = 0;
			defaultConfigurationName = Release;
		};
		35E542801D03666C00ADFEEB /* Build configuration list for PBXNativeTarget "Farkle" */ = {
			isa = XCConfigurationList;
			buildConfigurations = (
				35E542811D03666C00ADFEEB /* Debug */,
				35E542821D03666C00ADFEEB /* Release */,
			);
			defaultConfigurationIsVisible = 0;
		};
/* End XCConfigurationList section */
	};
	rootObject = 35E542611D03666C00ADFEEB /* Project object */;
}
